
Microsoft Visual Studio Solution File, Format Version 12.00
# Visual Studio Version 16
VisualStudioVersion = 16.0.29728.190
MinimumVisualStudioVersion = 10.0.40219.1
Project("{FAE04EC0-301F-11D3-BF4B-00C04F79EFBC}") = "Calculator", "Calculator\Calculator.csproj", "{A87D086A-2A11-4F8E-85C6-F3247CE874F4}"
EndProject
Global
	GlobalSection(SolutionConfigurationPlatforms) = preSolution
		Debug|Any CPU = Debug|Any CPU
		Release|Any CPU = Release|Any CPU
	EndGlobalSection
	GlobalSection(ProjectConfigurationPlatforms) = postSolution
		{A87D086A-2A11-4F8E-85C6-F3247CE874F4}.Debug|Any CPU.ActiveCfg = Debug|Any CPU
		{A87D086A-2A11-4F8E-85C6-F3247CE874F4}.Debug|Any CPU.Build.0 = Debug|Any CPU
		{A87D086A-2A11-4F8E-85C6-F3247CE874F4}.Release|Any CPU.ActiveCfg = Release|Any CPU
		{A87D086A-2A11-4F8E-85C6-F3247CE874F4}.Release|Any CPU.Build.0 = Release|Any CPU
	EndGlobalSection
	GlobalSection(SolutionProperties) = preSolution
		HideSolutionNode = FALSE
	EndGlobalSection
	GlobalSection(ExtensibilityGlobals) = postSolution
		SolutionGuid = {3C2245A9-7670-49EF-9650-F358A5A23551}
	EndGlobalSection
EndGlobal
